
Microsoft Visual Studio Solution File, Format Version 12.00
# Visual Studio Version 17
VisualStudioVersion = 17.14.37614.0 d17.14
MinimumVisualStudioVersion = 10.0.40219.1
Project("{FAE04EC0-301F-11D3-BF4B-00C04F79EFBC}") = "BookStoreConsoleApp", "BookStoreConsoleApp\BookStoreConsoleApp.csproj", "{95EE9A83-E311-4935-BBD7-72EE517DE992}"
EndProject
Global
	GlobalSection(SolutionConfigurationPlatforms) = preSolution
		Debug|Any CPU = Debug|Any CPU
		Release|Any CPU = Release|Any CPU
	EndGlobalSection
	GlobalSection(ProjectConfigurationPlatforms) = postSolution
		{95EE9A83-E311-4935-BBD7-72EE517DE992}.Debug|Any CPU.ActiveCfg = Debug|Any CPU
		{95EE9A83-E311-4935-BBD7-72EE517DE992}.Debug|Any CPU.Build.0 = Debug|Any CPU
		{95EE9A83-E311-4935-BBD7-72EE517DE992}.Release|Any CPU.ActiveCfg = Release|Any CPU
		{95EE9A83-E311-4935-BBD7-72EE517DE992}.Release|Any CPU.Build.0 = Release|Any CPU
	EndGlobalSection
	GlobalSection(SolutionProperties) = preSolution
		HideSolutionNode = FALSE
	EndGlobalSection
	GlobalSection(ExtensibilityGlobals) = postSolution
		SolutionGuid = {327EDA0F-D3E5-476F-A8EC-F996E8F88510}
	EndGlobalSection
EndGlobal
